// !$*UTF8*$!
{
	archiveVersion = 1;
	classes = {
	};
	objectVersion = 46;
	objects = {

/* Begin PBXBuildFile section */
		00E356F31AD99517003FC87E /* PhotoStickerTests.m in Sources */ = {isa = PBXBuildFile; fileRef = 00E356F21AD99517003FC87E /* PhotoStickerTests.m */; };
		13B07FBC1A68108700A75B9A /* AppDelegate.m in Sources */ = {isa = PBXBuildFile; fileRef = 13B07FB01A68108700A75B9A /* AppDelegate.m */; };
		13B07FBF1A68108700A75B9A /* Images.xcassets in Resources */ = {isa = PBXBuildFile; fileRef = 13B07FB51A68108700A75B9A /* Images.xcassets */; };
		13B07FC11A68108700A75B9A /* main.m in Sources */ = {isa = PBXBuildFile; fileRef = 13B07FB71A68108700A75B9A /* main.m */; };
		1E9116E2781306A339A39588 /* libPods-PhotoSticker.a in Frameworks */ = {isa = PBXBuildFile; fileRef = 7E6FAFA08AF68BFA9441C5DE /* libPods-PhotoSticker.a */; };
		2D02E4BC1E0B4A80006451C7 /* AppDelegate.m in Sources */ = {isa = PBXBuildFile; fileRef = 13B07FB01A68108700A75B9A /* AppDelegate.m */; };
		2D02E4BD1E0B4A84006451C7 /* Images.xcassets in Resources */ = {isa = PBXBuildFile; fileRef = 13B07FB51A68108700A75B9A /* Images.xcassets */; };
		2D02E4BF1E0B4AB3006451C7 /* main.m in Sources */ = {isa = PBXBuildFile; fileRef = 13B07FB71A68108700A75B9A /* main.m */; };
		2DCD954D1E0B4F2C00145EB5 /* PhotoStickerTests.m in Sources */ = {isa = PBXBuildFile; fileRef = 00E356F21AD99517003FC87E /* PhotoStickerTests.m */; };
		2E1418E7D97F47CA8E6121D5 /* EvilIcons.ttf in Resources */ = {isa = PBXBuildFile; fileRef = 4D251B08C2864165AF81524D /* EvilIcons.ttf */; };
		4567C47D2AB6446680056D31 /* Zocial.ttf in Resources */ = {isa = PBXBuildFile; fileRef = B28BD3688D824A56A34A70B9 /* Zocial.ttf */; };
		47B50EC023634E94A0ECAE02 /* Feather.ttf in Resources */ = {isa = PBXBuildFile; fileRef = CF79C918E01B4B969318DD63 /* Feather.ttf */; };
		5A7ED647B5444EB397EAF57D /* SimpleLineIcons.ttf in Resources */ = {isa = PBXBuildFile; fileRef = C7B0F3409CB645E4ADE81DAC /* SimpleLineIcons.ttf */; };
		5B481BB82307005200F4E272 /* Fontisto.ttf in Resources */ = {isa = PBXBuildFile; fileRef = 5B481BA82307005200F4E272 /* Fontisto.ttf */; };
		5B481BB92307005200F4E272 /* Octicons.ttf in Resources */ = {isa = PBXBuildFile; fileRef = 5B481BA92307005200F4E272 /* Octicons.ttf */; };
		5B481BBA2307005200F4E272 /* Feather.ttf in Resources */ = {isa = PBXBuildFile; fileRef = 5B481BAA2307005200F4E272 /* Feather.ttf */; };
		5B481BBB2307005200F4E272 /* Entypo.ttf in Resources */ = {isa = PBXBuildFile; fileRef = 5B481BAB2307005200F4E272 /* Entypo.ttf */; };
		5B481BBC2307005200F4E272 /* FontAwesome5_Brands.ttf in Resources */ = {isa = PBXBuildFile; fileRef = 5B481BAC2307005200F4E272 /* FontAwesome5_Brands.ttf */; };
		5B481BBD2307005200F4E272 /* MaterialCommunityIcons.ttf in Resources */ = {isa = PBXBuildFile; fileRef = 5B481BAD2307005200F4E272 /* MaterialCommunityIcons.ttf */; };
		5B481BBE2307005200F4E272 /* AntDesign.ttf in Resources */ = {isa = PBXBuildFile; fileRef = 5B481BAE2307005200F4E272 /* AntDesign.ttf */; };
		5B481BBF2307005200F4E272 /* Foundation.ttf in Resources */ = {isa = PBXBuildFile; fileRef = 5B481BAF2307005200F4E272 /* Foundation.ttf */; };
		5B481BC02307005200F4E272 /* Ionicons.ttf in Resources */ = {isa = PBXBuildFile; fileRef = 5B481BB02307005200F4E272 /* Ionicons.ttf */; };
		5B481BC12307005200F4E272 /* FontAwesome5_Solid.ttf in Resources */ = {isa = PBXBuildFile; fileRef = 5B481BB12307005200F4E272 /* FontAwesome5_Solid.ttf */; };
		5B481BC22307005200F4E272 /* FontAwesome5_Regular.ttf in Resources */ = {isa = PBXBuildFile; fileRef = 5B481BB22307005200F4E272 /* FontAwesome5_Regular.ttf */; };
		5B481BC32307005200F4E272 /* FontAwesome.ttf in Resources */ = {isa = PBXBuildFile; fileRef = 5B481BB32307005200F4E272 /* FontAwesome.ttf */; };
		5B481BC42307005200F4E272 /* Zocial.ttf in Resources */ = {isa = PBXBuildFile; fileRef = 5B481BB42307005200F4E272 /* Zocial.ttf */; };
		5B481BC52307005200F4E272 /* EvilIcons.ttf in Resources */ = {isa = PBXBuildFile; fileRef = 5B481BB52307005200F4E272 /* EvilIcons.ttf */; };
		5B481BC62307005200F4E272 /* SimpleLineIcons.ttf in Resources */ = {isa = PBXBuildFile; fileRef = 5B481BB62307005200F4E272 /* SimpleLineIcons.ttf */; };
		5B481BC72307005200F4E272 /* MaterialIcons.ttf in Resources */ = {isa = PBXBuildFile; fileRef = 5B481BB72307005200F4E272 /* MaterialIcons.ttf */; };
		5BB3E498232163A400F5B06D /* LaunchScreen.storyboard in Resources */ = {isa = PBXBuildFile; fileRef = 5BB3E497232163A400F5B06D /* LaunchScreen.storyboard */; };
		5BBA1666231D9A85004D5D0F /* Rubik-Black.ttf in Resources */ = {isa = PBXBuildFile; fileRef = 5BBA165C231D9A84004D5D0F /* Rubik-Black.ttf */; };
		5BBA1667231D9A85004D5D0F /* Rubik-LightItalic.ttf in Resources */ = {isa = PBXBuildFile; fileRef = 5BBA165D231D9A84004D5D0F /* Rubik-LightItalic.ttf */; };
		5BBA1668231D9A85004D5D0F /* Rubik-Medium.ttf in Resources */ = {isa = PBXBuildFile; fileRef = 5BBA165E231D9A85004D5D0F /* Rubik-Medium.ttf */; };
		5BBA1669231D9A85004D5D0F /* Rubik-Regular.ttf in Resources */ = {isa = PBXBuildFile; fileRef = 5BBA165F231D9A85004D5D0F /* Rubik-Regular.ttf */; };
		5BBA166A231D9A85004D5D0F /* Rubik-Italic.ttf in Resources */ = {isa = PBXBuildFile; fileRef = 5BBA1660231D9A85004D5D0F /* Rubik-Italic.ttf */; };
		5BBA166B231D9A85004D5D0F /* Rubik-MediumItalic.ttf in Resources */ = {isa = PBXBuildFile; fileRef = 5BBA1661231D9A85004D5D0F /* Rubik-MediumItalic.ttf */; };
		5BBA166C231D9A85004D5D0F /* Rubik-BoldItalic.ttf in Resources */ = {isa = PBXBuildFile; fileRef = 5BBA1662231D9A85004D5D0F /* Rubik-BoldItalic.ttf */; };
		5BBA166D231D9A85004D5D0F /* Rubik-Bold.ttf in Resources */ = {isa = PBXBuildFile; fileRef = 5BBA1663231D9A85004D5D0F /* Rubik-Bold.ttf */; };
		5BBA166E231D9A85004D5D0F /* Rubik-BlackItalic.ttf in Resources */ = {isa = PBXBuildFile; fileRef = 5BBA1664231D9A85004D5D0F /* Rubik-BlackItalic.ttf */; };
		5BBA166F231D9A85004D5D0F /* Rubik-Light.ttf in Resources */ = {isa = PBXBuildFile; fileRef = 5BBA1665231D9A85004D5D0F /* Rubik-Light.ttf */; };
		65AC2DD983B8F18DBB822F4E /* libPods-PhotoSticker-tvOSTests.a in Frameworks */ = {isa = PBXBuildFile; fileRef = A76819A29C8511F27A821F4F /* libPods-PhotoSticker-tvOSTests.a */; };
		6FAE11F6540849928F3CDDAF /* Entypo.ttf in Resources */ = {isa = PBXBuildFile; fileRef = A58AF157BC31426CA4C19B1A /* Entypo.ttf */; };
		77CAB2636AB74D4093B26AF0 /* Foundation.ttf in Resources */ = {isa = PBXBuildFile; fileRef = 44A716357C9E4F58BA306110 /* Foundation.ttf */; };
		7A857E072A2545DFB8A5184A /* AntDesign.ttf in Resources */ = {isa = PBXBuildFile; fileRef = 91F1B4E6346940BB9DD15F46 /* AntDesign.ttf */; };
		7E5AB52C8E0E4F37B92F2B7F /* MaterialCommunityIcons.ttf in Resources */ = {isa = PBXBuildFile; fileRef = 7A9AA0665CD04395BF43B627 /* MaterialCommunityIcons.ttf */; };
		8ABE855FC3AB4D7446E7D058 /* libPods-PhotoSticker-tvOS.a in Frameworks */ = {isa = PBXBuildFile; fileRef = 969D0AF699967FFE4E2A1E4C /* libPods-PhotoSticker-tvOS.a */; };
		ABCE88A4538A4842AD4D65A3 /* MaterialIcons.ttf in Resources */ = {isa = PBXBuildFile; fileRef = 5F0A26A2B70F47658B4CD2A5 /* MaterialIcons.ttf */; };
		B34F0BBC81FC4A3B80646D85 /* Fontisto.ttf in Resources */ = {isa = PBXBuildFile; fileRef = 8DBDDCA9AE844E3BA12EB950 /* Fontisto.ttf */; };
		B5A7290BBCA643218E31DB36 /* FontAwesome5_Regular.ttf in Resources */ = {isa = PBXBuildFile; fileRef = 350EFC03009F4DCB867A911A /* FontAwesome5_Regular.ttf */; };
		C0FF555CCA18E782F70EC259 /* libPods-PhotoStickerTests.a in Frameworks */ = {isa = PBXBuildFile; fileRef = DCE1362281EE94C690778A78 /* libPods-PhotoStickerTests.a */; };
		CDBAA5D7CA444704A251BFE9 /* FontAwesome.ttf in Resources */ = {isa = PBXBuildFile; fileRef = 1FA6A478AC3C43628A63D70D /* FontAwesome.ttf */; };
		D23E89A9C42849FEB3A3A177 /* FontAwesome5_Solid.ttf in Resources */ = {isa = PBXBuildFile; fileRef = F261612A37644787B4CB8BA0 /* FontAwesome5_Solid.ttf */; };
		EA3EFE33D2A147C196ADB388 /* Ionicons.ttf in Resources */ = {isa = PBXBuildFile; fileRef = 32AF64B11AEF42E0B3DFB250 /* Ionicons.ttf */; };
		F2693038BBDF460F8A01E3AF /* Octicons.ttf in Resources */ = {isa = PBXBuildFile; fileRef = 6378AF7F853142A4884E052B /* Octicons.ttf */; };
		F76317CDE05549D7A2A7B954 /* FontAwesome5_Brands.ttf in Resources */ = {isa = PBXBuildFile; fileRef = F89A67DFC81F424EB4A5A8CA /* FontAwesome5_Brands.ttf */; };
/* End PBXBuildFile section */

/* Begin PBXContainerItemProxy section */
		00E356F41AD99517003FC87E /* PBXContainerItemProxy */ = {
			isa = PBXContainerItemProxy;
			containerPortal = 83CBB9F71A601CBA00E9B192 /* Project object */;
			proxyType = 1;
			remoteGlobalIDString = 13B07F861A680F5B00A75B9A;
			remoteInfo = PhotoSticker;
		};
		2D02E4911E0B4A5D006451C7 /* PBXContainerItemProxy */ = {
			isa = PBXContainerItemProxy;
			containerPortal = 83CBB9F71A601CBA00E9B192 /* Project object */;
			proxyType = 1;
			remoteGlobalIDString = 2D02E47A1E0B4A5D006451C7;
			remoteInfo = "PhotoSticker-tvOS";
		};
/* End PBXContainerItemProxy section */

/* Begin PBXFileReference section */
		008BF61C84251A460A252181 /* Pods-PhotoSticker-tvOS.release.xcconfig */ = {isa = PBXFileReference; includeInIndex = 1; lastKnownFileType = text.xcconfig; name = "Pods-PhotoSticker-tvOS.release.xcconfig"; path = "Pods/Target Support Files/Pods-PhotoSticker-tvOS/Pods-PhotoSticker-tvOS.release.xcconfig"; sourceTree = "<group>"; };
		008F07F21AC5B25A0029DE68 /* main.jsbundle */ = {isa = PBXFileReference; fileEncoding = 4; lastKnownFileType = text; path = main.jsbundle; sourceTree = "<group>"; };
		00E356EE1AD99517003FC87E /* PhotoStickerTests.xctest */ = {isa = PBXFileReference; explicitFileType = wrapper.cfbundle; includeInIndex = 0; path = PhotoStickerTests.xctest; sourceTree = BUILT_PRODUCTS_DIR; };
		00E356F11AD99517003FC87E /* Info.plist */ = {isa = PBXFileReference; lastKnownFileType = text.plist.xml; path = Info.plist; sourceTree = "<group>"; };
		00E356F21AD99517003FC87E /* PhotoStickerTests.m */ = {isa = PBXFileReference; lastKnownFileType = sourcecode.c.objc; path = PhotoStickerTests.m; sourceTree = "<group>"; };
		13B07F961A680F5B00A75B9A /* PhotoSticker.app */ = {isa = PBXFileReference; explicitFileType = wrapper.application; includeInIndex = 0; path = PhotoSticker.app; sourceTree = BUILT_PRODUCTS_DIR; };
		13B07FAF1A68108700A75B9A /* AppDelegate.h */ = {isa = PBXFileReference; fileEncoding = 4; lastKnownFileType = sourcecode.c.h; name = AppDelegate.h; path = PhotoSticker/AppDelegate.h; sourceTree = "<group>"; };
		13B07FB01A68108700A75B9A /* AppDelegate.m */ = {isa = PBXFileReference; fileEncoding = 4; lastKnownFileType = sourcecode.c.objc; name = AppDelegate.m; path = PhotoSticker/AppDelegate.m; sourceTree = "<group>"; };
		13B07FB51A68108700A75B9A /* Images.xcassets */ = {isa = PBXFileReference; lastKnownFileType = folder.assetcatalog; name = Images.xcassets; path = PhotoSticker/Images.xcassets; sourceTree = "<group>"; };
		13B07FB61A68108700A75B9A /* Info.plist */ = {isa = PBXFileReference; fileEncoding = 4; lastKnownFileType = text.plist.xml; name = Info.plist; path = PhotoSticker/Info.plist; sourceTree = "<group>"; };
		13B07FB71A68108700A75B9A /* main.m */ = {isa = PBXFileReference; fileEncoding = 4; lastKnownFileType = sourcecode.c.objc; name = main.m; path = PhotoSticker/main.m; sourceTree = "<group>"; };
		1FA6A478AC3C43628A63D70D /* FontAwesome.ttf */ = {isa = PBXFileReference; explicitFileType = undefined; fileEncoding = 9; includeInIndex = 0; lastKnownFileType = unknown; name = FontAwesome.ttf; path = "../node_modules/react-native-vector-icons/Fonts/FontAwesome.ttf"; sourceTree = "<group>"; };
		2743EB29690A020A0E603C16 /* Pods-PhotoStickerTests.release.xcconfig */ = {isa = PBXFileReference; includeInIndex = 1; lastKnownFileType = text.xcconfig; name = "Pods-PhotoStickerTests.release.xcconfig"; path = "Pods/Target Support Files/Pods-PhotoStickerTests/Pods-PhotoStickerTests.release.xcconfig"; sourceTree = "<group>"; };
		2D02E47B1E0B4A5D006451C7 /* PhotoSticker-tvOS.app */ = {isa = PBXFileReference; explicitFileType = wrapper.application; includeInIndex = 0; path = "PhotoSticker-tvOS.app"; sourceTree = BUILT_PRODUCTS_DIR; };
		2D02E4901E0B4A5D006451C7 /* PhotoSticker-tvOSTests.xctest */ = {isa = PBXFileReference; explicitFileType = wrapper.cfbundle; includeInIndex = 0; path = "PhotoSticker-tvOSTests.xctest"; sourceTree = BUILT_PRODUCTS_DIR; };
		2D049CB192CF33650ACA7207 /* Pods-PhotoStickerTests.debug.xcconfig */ = {isa = PBXFileReference; includeInIndex = 1; lastKnownFileType = text.xcconfig; name = "Pods-PhotoStickerTests.debug.xcconfig"; path = "Pods/Target Support Files/Pods-PhotoStickerTests/Pods-PhotoStickerTests.debug.xcconfig"; sourceTree = "<group>"; };
		32AF64B11AEF42E0B3DFB250 /* Ionicons.ttf */ = {isa = PBXFileReference; explicitFileType = undefined; fileEncoding = 9; includeInIndex = 0; lastKnownFileType = unknown; name = Ionicons.ttf; path = "../node_modules/react-native-vector-icons/Fonts/Ionicons.ttf"; sourceTree = "<group>"; };
		350EFC03009F4DCB867A911A /* FontAwesome5_Regular.ttf */ = {isa = PBXFileReference; explicitFileType = undefined; fileEncoding = 9; includeInIndex = 0; lastKnownFileType = unknown; name = FontAwesome5_Regular.ttf; path = "../node_modules/react-native-vector-icons/Fonts/FontAwesome5_Regular.ttf"; sourceTree = "<group>"; };
		44A716357C9E4F58BA306110 /* Foundation.ttf */ = {isa = PBXFileReference; explicitFileType = undefined; fileEncoding = 9; includeInIndex = 0; lastKnownFileType = unknown; name = Foundation.ttf; path = "../node_modules/react-native-vector-icons/Fonts/Foundation.ttf"; sourceTree = "<group>"; };
		4D251B08C2864165AF81524D /* EvilIcons.ttf */ = {isa = PBXFileReference; explicitFileType = undefined; fileEncoding = 9; includeInIndex = 0; lastKnownFileType = unknown; name = EvilIcons.ttf; path = "../node_modules/react-native-vector-icons/Fonts/EvilIcons.ttf"; sourceTree = "<group>"; };
		5B481BA82307005200F4E272 /* Fontisto.ttf */ = {isa = PBXFileReference; lastKnownFileType = file; path = Fontisto.ttf; sourceTree = "<group>"; };
		5B481BA92307005200F4E272 /* Octicons.ttf */ = {isa = PBXFileReference; lastKnownFileType = file; path = Octicons.ttf; sourceTree = "<group>"; };
		5B481BAA2307005200F4E272 /* Feather.ttf */ = {isa = PBXFileReference; lastKnownFileType = file; path = Feather.ttf; sourceTree = "<group>"; };
		5B481BAB2307005200F4E272 /* Entypo.ttf */ = {isa = PBXFileReference; lastKnownFileType = file; path = Entypo.ttf; sourceTree = "<group>"; };
		5B481BAC2307005200F4E272 /* FontAwesome5_Brands.ttf */ = {isa = PBXFileReference; lastKnownFileType = file; path = FontAwesome5_Brands.ttf; sourceTree = "<group>"; };
		5B481BAD2307005200F4E272 /* MaterialCommunityIcons.ttf */ = {isa = PBXFileReference; lastKnownFileType = file; path = MaterialCommunityIcons.ttf; sourceTree = "<group>"; };
		5B481BAE2307005200F4E272 /* AntDesign.ttf */ = {isa = PBXFileReference; lastKnownFileType = file; path = AntDesign.ttf; sourceTree = "<group>"; };
		5B481BAF2307005200F4E272 /* Foundation.ttf */ = {isa = PBXFileReference; lastKnownFileType = file; path = Foundation.ttf; sourceTree = "<group>"; };
		5B481BB02307005200F4E272 /* Ionicons.ttf */ = {isa = PBXFileReference; lastKnownFileType = file; path = Ionicons.ttf; sourceTree = "<group>"; };
		5B481BB12307005200F4E272 /* FontAwesome5_Solid.ttf */ = {isa = PBXFileReference; lastKnownFileType = file; path = FontAwesome5_Solid.ttf; sourceTree = "<group>"; };
		5B481BB22307005200F4E272 /* FontAwesome5_Regular.ttf */ = {isa = PBXFileReference; lastKnownFileType = file; path = FontAwesome5_Regular.ttf; sourceTree = "<group>"; };
		5B481BB32307005200F4E272 /* FontAwesome.ttf */ = {isa = PBXFileReference; lastKnownFileType = file; path = FontAwesome.ttf; sourceTree = "<group>"; };
		5B481BB42307005200F4E272 /* Zocial.ttf */ = {isa = PBXFileReference; lastKnownFileType = file; path = Zocial.ttf; sourceTree = "<group>"; };
		5B481BB52307005200F4E272 /* EvilIcons.ttf */ = {isa = PBXFileReference; lastKnownFileType = file; path = EvilIcons.ttf; sourceTree = "<group>"; };
		5B481BB62307005200F4E272 /* SimpleLineIcons.ttf */ = {isa = PBXFileReference; lastKnownFileType = file; path = SimpleLineIcons.ttf; sourceTree = "<group>"; };
		5B481BB72307005200F4E272 /* MaterialIcons.ttf */ = {isa = PBXFileReference; lastKnownFileType = file; path = MaterialIcons.ttf; sourceTree = "<group>"; };
		5BB3E497232163A400F5B06D /* LaunchScreen.storyboard */ = {isa = PBXFileReference; lastKnownFileType = file.storyboard; path = LaunchScreen.storyboard; sourceTree = "<group>"; };
		5BBA165C231D9A84004D5D0F /* Rubik-Black.ttf */ = {isa = PBXFileReference; lastKnownFileType = file; name = "Rubik-Black.ttf"; path = "../../../android/app/src/main/assets/fonts/Rubik-Black.ttf"; sourceTree = "<group>"; };
		5BBA165D231D9A84004D5D0F /* Rubik-LightItalic.ttf */ = {isa = PBXFileReference; lastKnownFileType = file; name = "Rubik-LightItalic.ttf"; path = "../../../android/app/src/main/assets/fonts/Rubik-LightItalic.ttf"; sourceTree = "<group>"; };
		5BBA165E231D9A85004D5D0F /* Rubik-Medium.ttf */ = {isa = PBXFileReference; lastKnownFileType = file; name = "Rubik-Medium.ttf"; path = "../../../android/app/src/main/assets/fonts/Rubik-Medium.ttf"; sourceTree = "<group>"; };
		5BBA165F231D9A85004D5D0F /* Rubik-Regular.ttf */ = {isa = PBXFileReference; lastKnownFileType = file; name = "Rubik-Regular.ttf"; path = "../../../android/app/src/main/assets/fonts/Rubik-Regular.ttf"; sourceTree = "<group>"; };
		5BBA1660231D9A85004D5D0F /* Rubik-Italic.ttf */ = {isa = PBXFileReference; lastKnownFileType = file; name = "Rubik-Italic.ttf"; path = "../../../android/app/src/main/assets/fonts/Rubik-Italic.ttf"; sourceTree = "<group>"; };
		5BBA1661231D9A85004D5D0F /* Rubik-MediumItalic.ttf */ = {isa = PBXFileReference; lastKnownFileType = file; name = "Rubik-MediumItalic.ttf"; path = "../../../android/app/src/main/assets/fonts/Rubik-MediumItalic.ttf"; sourceTree = "<group>"; };
		5BBA1662231D9A85004D5D0F /* Rubik-BoldItalic.ttf */ = {isa = PBXFileReference; lastKnownFileType = file; name = "Rubik-BoldItalic.ttf"; path = "../../../android/app/src/main/assets/fonts/Rubik-BoldItalic.ttf"; sourceTree = "<group>"; };
		5BBA1663231D9A85004D5D0F /* Rubik-Bold.ttf */ = {isa = PBXFileReference; lastKnownFileType = file; name = "Rubik-Bold.ttf"; path = "../../../android/app/src/main/assets/fonts/Rubik-Bold.ttf"; sourceTree = "<group>"; };
		5BBA1664231D9A85004D5D0F /* Rubik-BlackItalic.ttf */ = {isa = PBXFileReference; lastKnownFileType = file; name = "Rubik-BlackItalic.ttf"; path = "../../../android/app/src/main/assets/fonts/Rubik-BlackItalic.ttf"; sourceTree = "<group>"; };
		5BBA1665231D9A85004D5D0F /* Rubik-Light.ttf */ = {isa = PBXFileReference; lastKnownFileType = file; name = "Rubik-Light.ttf"; path = "../../../android/app/src/main/assets/fonts/Rubik-Light.ttf"; sourceTree = "<group>"; };
		5F0A26A2B70F47658B4CD2A5 /* MaterialIcons.ttf */ = {isa = PBXFileReference; explicitFileType = undefined; fileEncoding = 9; includeInIndex = 0; lastKnownFileType = unknown; name = MaterialIcons.ttf; path = "../node_modules/react-native-vector-icons/Fonts/MaterialIcons.ttf"; sourceTree = "<group>"; };
		6378AF7F853142A4884E052B /* Octicons.ttf */ = {isa = PBXFileReference; explicitFileType = undefined; fileEncoding = 9; includeInIndex = 0; lastKnownFileType = unknown; name = Octicons.ttf; path = "../node_modules/react-native-vector-icons/Fonts/Octicons.ttf"; sourceTree = "<group>"; };
		6778E004CEFE3C845A95AD63 /* Pods-PhotoSticker-tvOSTests.release.xcconfig */ = {isa = PBXFileReference; includeInIndex = 1; lastKnownFileType = text.xcconfig; name = "Pods-PhotoSticker-tvOSTests.release.xcconfig"; path = "Pods/Target Support Files/Pods-PhotoSticker-tvOSTests/Pods-PhotoSticker-tvOSTests.release.xcconfig"; sourceTree = "<group>"; };
		7A9AA0665CD04395BF43B627 /* MaterialCommunityIcons.ttf */ = {isa = PBXFileReference; explicitFileType = undefined; fileEncoding = 9; includeInIndex = 0; lastKnownFileType = unknown; name = MaterialCommunityIcons.ttf; path = "../node_modules/react-native-vector-icons/Fonts/MaterialCommunityIcons.ttf"; sourceTree = "<group>"; };
		7E6FAFA08AF68BFA9441C5DE /* libPods-PhotoSticker.a */ = {isa = PBXFileReference; explicitFileType = archive.ar; includeInIndex = 0; path = "libPods-PhotoSticker.a"; sourceTree = BUILT_PRODUCTS_DIR; };
		8DBDDCA9AE844E3BA12EB950 /* Fontisto.ttf */ = {isa = PBXFileReference; explicitFileType = undefined; fileEncoding = 9; includeInIndex = 0; lastKnownFileType = unknown; name = Fontisto.ttf; path = "../node_modules/react-native-vector-icons/Fonts/Fontisto.ttf"; sourceTree = "<group>"; };
		8E592190ECC6F90C349E0B74 /* Pods-PhotoSticker.release.xcconfig */ = {isa = PBXFileReference; includeInIndex = 1; lastKnownFileType = text.xcconfig; name = "Pods-PhotoSticker.release.xcconfig"; path = "Pods/Target Support Files/Pods-PhotoSticker/Pods-PhotoSticker.release.xcconfig"; sourceTree = "<group>"; };
		91F1B4E6346940BB9DD15F46 /* AntDesign.ttf */ = {isa = PBXFileReference; explicitFileType = undefined; fileEncoding = 9; includeInIndex = 0; lastKnownFileType = unknown; name = AntDesign.ttf; path = "../node_modules/react-native-vector-icons/Fonts/AntDesign.ttf"; sourceTree = "<group>"; };
		969D0AF699967FFE4E2A1E4C /* libPods-PhotoSticker-tvOS.a */ = {isa = PBXFileReference; explicitFileType = archive.ar; includeInIndex = 0; path = "libPods-PhotoSticker-tvOS.a"; sourceTree = BUILT_PRODUCTS_DIR; };
		A58AF157BC31426CA4C19B1A /* Entypo.ttf */ = {isa = PBXFileReference; explicitFileType = undefined; fileEncoding = 9; includeInIndex = 0; lastKnownFileType = unknown; name = Entypo.ttf; path = "../node_modules/react-native-vector-icons/Fonts/Entypo.ttf"; sourceTree = "<group>"; };
		A76819A29C8511F27A821F4F /* libPods-PhotoSticker-tvOSTests.a */ = {isa = PBXFileReference; explicitFileType = archive.ar; includeInIndex = 0; path = "libPods-PhotoSticker-tvOSTests.a"; sourceTree = BUILT_PRODUCTS_DIR; };
		B28BD3688D824A56A34A70B9 /* Zocial.ttf */ = {isa = PBXFileReference; explicitFileType = undefined; fileEncoding = 9; includeInIndex = 0; lastKnownFileType = unknown; name = Zocial.ttf; path = "../node_modules/react-native-vector-icons/Fonts/Zocial.ttf"; sourceTree = "<group>"; };
		BC9EBE893A661E014C483B13 /* Pods-PhotoSticker.debug.xcconfig */ = {isa = PBXFileReference; includeInIndex = 1; lastKnownFileType = text.xcconfig; name = "Pods-PhotoSticker.debug.xcconfig"; path = "Pods/Target Support Files/Pods-PhotoSticker/Pods-PhotoSticker.debug.xcconfig"; sourceTree = "<group>"; };
		C7B0F3409CB645E4ADE81DAC /* SimpleLineIcons.ttf */ = {isa = PBXFileReference; explicitFileType = undefined; fileEncoding = 9; includeInIndex = 0; lastKnownFileType = unknown; name = SimpleLineIcons.ttf; path = "../node_modules/react-native-vector-icons/Fonts/SimpleLineIcons.ttf"; sourceTree = "<group>"; };
		CF79C918E01B4B969318DD63 /* Feather.ttf */ = {isa = PBXFileReference; explicitFileType = undefined; fileEncoding = 9; includeInIndex = 0; lastKnownFileType = unknown; name = Feather.ttf; path = "../node_modules/react-native-vector-icons/Fonts/Feather.ttf"; sourceTree = "<group>"; };
		DCE1362281EE94C690778A78 /* libPods-PhotoStickerTests.a */ = {isa = PBXFileReference; explicitFileType = archive.ar; includeInIndex = 0; path = "libPods-PhotoStickerTests.a"; sourceTree = BUILT_PRODUCTS_DIR; };
		DE62B5050D27709E920942D4 /* Pods-PhotoSticker-tvOS.debug.xcconfig */ = {isa = PBXFileReference; includeInIndex = 1; lastKnownFileType = text.xcconfig; name = "Pods-PhotoSticker-tvOS.debug.xcconfig"; path = "Pods/Target Support Files/Pods-PhotoSticker-tvOS/Pods-PhotoSticker-tvOS.debug.xcconfig"; sourceTree = "<group>"; };
		ED297162215061F000B7C4FE /* JavaScriptCore.framework */ = {isa = PBXFileReference; lastKnownFileType = wrapper.framework; name = JavaScriptCore.framework; path = System/Library/Frameworks/JavaScriptCore.framework; sourceTree = SDKROOT; };
		ED2971642150620600B7C4FE /* JavaScriptCore.framework */ = {isa = PBXFileReference; lastKnownFileType = wrapper.framework; name = JavaScriptCore.framework; path = Platforms/AppleTVOS.platform/Developer/SDKs/AppleTVOS12.0.sdk/System/Library/Frameworks/JavaScriptCore.framework; sourceTree = DEVELOPER_DIR; };
		F261612A37644787B4CB8BA0 /* FontAwesome5_Solid.ttf */ = {isa = PBXFileReference; explicitFileType = undefined; fileEncoding = 9; includeInIndex = 0; lastKnownFileType = unknown; name = FontAwesome5_Solid.ttf; path = "../node_modules/react-native-vector-icons/Fonts/FontAwesome5_Solid.ttf"; sourceTree = "<group>"; };
		F89A67DFC81F424EB4A5A8CA /* FontAwesome5_Brands.ttf */ = {isa = PBXFileReference; explicitFileType = undefined; fileEncoding = 9; includeInIndex = 0; lastKnownFileType = unknown; name = FontAwesome5_Brands.ttf; path = "../node_modules/react-native-vector-icons/Fonts/FontAwesome5_Brands.ttf"; sourceTree = "<group>"; };
		FF3E25C202B737CDB617AFC8 /* Pods-PhotoSticker-tvOSTests.debug.xcconfig */ = {isa = PBXFileReference; includeInIndex = 1; lastKnownFileType = text.xcconfig; name = "Pods-PhotoSticker-tvOSTests.debug.xcconfig"; path = "Pods/Target Support Files/Pods-PhotoSticker-tvOSTests/Pods-PhotoSticker-tvOSTests.debug.xcconfig"; sourceTree = "<group>"; };
/* End PBXFileReference section */

/* Begin PBXFrameworksBuildPhase section */
		00E356EB1AD99517003FC87E /* Frameworks */ = {
			isa = PBXFrameworksBuildPhase;
			buildActionMask = 2147483647;
			files = (
				C0FF555CCA18E782F70EC259 /* libPods-PhotoStickerTests.a in Frameworks */,
			);
			runOnlyForDeploymentPostprocessing = 0;
		};
		13B07F8C1A680F5B00A75B9A /* Frameworks */ = {
			isa = PBXFrameworksBuildPhase;
			buildActionMask = 2147483647;
			files = (
				1E9116E2781306A339A39588 /* libPods-PhotoSticker.a in Frameworks */,
			);
			runOnlyForDeploymentPostprocessing = 0;
		};
		2D02E4781E0B4A5D006451C7 /* Frameworks */ = {
			isa = PBXFrameworksBuildPhase;
			buildActionMask = 2147483647;
			files = (
				8ABE855FC3AB4D7446E7D058 /* libPods-PhotoSticker-tvOS.a in Frameworks */,
			);
			runOnlyForDeploymentPostprocessing = 0;
		};
		2D02E48D1E0B4A5D006451C7 /* Frameworks */ = {
			isa = PBXFrameworksBuildPhase;
			buildActionMask = 2147483647;
			files = (
				65AC2DD983B8F18DBB822F4E /* libPods-PhotoSticker-tvOSTests.a in Frameworks */,
			);
			runOnlyForDeploymentPostprocessing = 0;
		};
/* End PBXFrameworksBuildPhase section */

/* Begin PBXGroup section */
		00E356EF1AD99517003FC87E /* PhotoStickerTests */ = {
			isa = PBXGroup;
			children = (
				00E356F21AD99517003FC87E /* PhotoStickerTests.m */,
				00E356F01AD99517003FC87E /* Supporting Files */,
			);
			path = PhotoStickerTests;
			sourceTree = "<group>";
		};
		00E356F01AD99517003FC87E /* Supporting Files */ = {
			isa = PBXGroup;
			children = (
				00E356F11AD99517003FC87E /* Info.plist */,
			);
			name = "Supporting Files";
			sourceTree = "<group>";
		};
		13B07FAE1A68108700A75B9A /* PhotoSticker */ = {
			isa = PBXGroup;
			children = (
				008F07F21AC5B25A0029DE68 /* main.jsbundle */,
				13B07FAF1A68108700A75B9A /* AppDelegate.h */,
				13B07FB01A68108700A75B9A /* AppDelegate.m */,
				13B07FB51A68108700A75B9A /* Images.xcassets */,
				13B07FB61A68108700A75B9A /* Info.plist */,
				13B07FB71A68108700A75B9A /* main.m */,
				5BB3E497232163A400F5B06D /* LaunchScreen.storyboard */,
			);
			name = PhotoSticker;
			sourceTree = "<group>";
		};
		2A2ADF93167DFAA533E9426C /* Pods */ = {
			isa = PBXGroup;
			children = (
				BC9EBE893A661E014C483B13 /* Pods-PhotoSticker.debug.xcconfig */,
				8E592190ECC6F90C349E0B74 /* Pods-PhotoSticker.release.xcconfig */,
				DE62B5050D27709E920942D4 /* Pods-PhotoSticker-tvOS.debug.xcconfig */,
				008BF61C84251A460A252181 /* Pods-PhotoSticker-tvOS.release.xcconfig */,
				FF3E25C202B737CDB617AFC8 /* Pods-PhotoSticker-tvOSTests.debug.xcconfig */,
				6778E004CEFE3C845A95AD63 /* Pods-PhotoSticker-tvOSTests.release.xcconfig */,
				2D049CB192CF33650ACA7207 /* Pods-PhotoStickerTests.debug.xcconfig */,
				2743EB29690A020A0E603C16 /* Pods-PhotoStickerTests.release.xcconfig */,
			);
			name = Pods;
			sourceTree = "<group>";
		};
		2D16E6871FA4F8E400B85C8A /* Frameworks */ = {
			isa = PBXGroup;
			children = (
				ED297162215061F000B7C4FE /* JavaScriptCore.framework */,
				ED2971642150620600B7C4FE /* JavaScriptCore.framework */,
				7E6FAFA08AF68BFA9441C5DE /* libPods-PhotoSticker.a */,
				969D0AF699967FFE4E2A1E4C /* libPods-PhotoSticker-tvOS.a */,
				A76819A29C8511F27A821F4F /* libPods-PhotoSticker-tvOSTests.a */,
				DCE1362281EE94C690778A78 /* libPods-PhotoStickerTests.a */,
			);
			name = Frameworks;
			sourceTree = "<group>";
		};
		5B481BA72307005200F4E272 /* Fonts */ = {
			isa = PBXGroup;
			children = (
				5BBA165C231D9A84004D5D0F /* Rubik-Black.ttf */,
				5BBA1664231D9A85004D5D0F /* Rubik-BlackItalic.ttf */,
				5BBA1663231D9A85004D5D0F /* Rubik-Bold.ttf */,
				5BBA1662231D9A85004D5D0F /* Rubik-BoldItalic.ttf */,
				5BBA1660231D9A85004D5D0F /* Rubik-Italic.ttf */,
				5BBA1665231D9A85004D5D0F /* Rubik-Light.ttf */,
				5BBA165D231D9A84004D5D0F /* Rubik-LightItalic.ttf */,
				5BBA165E231D9A85004D5D0F /* Rubik-Medium.ttf */,
				5BBA1661231D9A85004D5D0F /* Rubik-MediumItalic.ttf */,
				5BBA165F231D9A85004D5D0F /* Rubik-Regular.ttf */,
				5B481BA82307005200F4E272 /* Fontisto.ttf */,
				5B481BA92307005200F4E272 /* Octicons.ttf */,
				5B481BAA2307005200F4E272 /* Feather.ttf */,
				5B481BAB2307005200F4E272 /* Entypo.ttf */,
				5B481BAC2307005200F4E272 /* FontAwesome5_Brands.ttf */,
				5B481BAD2307005200F4E272 /* MaterialCommunityIcons.ttf */,
				5B481BAE2307005200F4E272 /* AntDesign.ttf */,
				5B481BAF2307005200F4E272 /* Foundation.ttf */,
				5B481BB02307005200F4E272 /* Ionicons.ttf */,
				5B481BB12307005200F4E272 /* FontAwesome5_Solid.ttf */,
				5B481BB22307005200F4E272 /* FontAwesome5_Regular.ttf */,
				5B481BB32307005200F4E272 /* FontAwesome.ttf */,
				5B481BB42307005200F4E272 /* Zocial.ttf */,
				5B481BB52307005200F4E272 /* EvilIcons.ttf */,
				5B481BB62307005200F4E272 /* SimpleLineIcons.ttf */,
				5B481BB72307005200F4E272 /* MaterialIcons.ttf */,
			);
			name = Fonts;
			path = "../node_modules/react-native-vector-icons/Fonts";
			sourceTree = "<group>";
		};
		832341AE1AAA6A7D00B99B32 /* Libraries */ = {
			isa = PBXGroup;
			children = (
			);
			name = Libraries;
			sourceTree = "<group>";
		};
		83CBB9F61A601CBA00E9B192 = {
			isa = PBXGroup;
			children = (
				5B481BA72307005200F4E272 /* Fonts */,
				13B07FAE1A68108700A75B9A /* PhotoSticker */,
				832341AE1AAA6A7D00B99B32 /* Libraries */,
				00E356EF1AD99517003FC87E /* PhotoStickerTests */,
				83CBBA001A601CBA00E9B192 /* Products */,
				2D16E6871FA4F8E400B85C8A /* Frameworks */,
				2A2ADF93167DFAA533E9426C /* Pods */,
				B707698BD93F416E8D0A6BEC /* Resources */,
			);
			indentWidth = 2;
			sourceTree = "<group>";
			tabWidth = 2;
			usesTabs = 0;
		};
		83CBBA001A601CBA00E9B192 /* Products */ = {
			isa = PBXGroup;
			children = (
				13B07F961A680F5B00A75B9A /* PhotoSticker.app */,
				00E356EE1AD99517003FC87E /* PhotoStickerTests.xctest */,
				2D02E47B1E0B4A5D006451C7 /* PhotoSticker-tvOS.app */,
				2D02E4901E0B4A5D006451C7 /* PhotoSticker-tvOSTests.xctest */,
			);
			name = Products;
			sourceTree = "<group>";
		};
		B707698BD93F416E8D0A6BEC /* Resources */ = {
			isa = PBXGroup;
			children = (
				91F1B4E6346940BB9DD15F46 /* AntDesign.ttf */,
				A58AF157BC31426CA4C19B1A /* Entypo.ttf */,
				4D251B08C2864165AF81524D /* EvilIcons.ttf */,
				CF79C918E01B4B969318DD63 /* Feather.ttf */,
				1FA6A478AC3C43628A63D70D /* FontAwesome.ttf */,
				F89A67DFC81F424EB4A5A8CA /* FontAwesome5_Brands.ttf */,
				350EFC03009F4DCB867A911A /* FontAwesome5_Regular.ttf */,
				F261612A37644787B4CB8BA0 /* FontAwesome5_Solid.ttf */,
				8DBDDCA9AE844E3BA12EB950 /* Fontisto.ttf */,
				44A716357C9E4F58BA306110 /* Foundation.ttf */,
				32AF64B11AEF42E0B3DFB250 /* Ionicons.ttf */,
				7A9AA0665CD04395BF43B627 /* MaterialCommunityIcons.ttf */,
				5F0A26A2B70F47658B4CD2A5 /* MaterialIcons.ttf */,
				6378AF7F853142A4884E052B /* Octicons.ttf */,
				C7B0F3409CB645E4ADE81DAC /* SimpleLineIcons.ttf */,
				B28BD3688D824A56A34A70B9 /* Zocial.ttf */,
			);
			name = Resources;
			sourceTree = "<group>";
		};
/* End PBXGroup section */

/* Begin PBXNativeTarget section */
		00E356ED1AD99517003FC87E /* PhotoStickerTests */ = {
			isa = PBXNativeTarget;
			buildConfigurationList = 00E357021AD99517003FC87E /* Build configuration list for PBXNativeTarget "PhotoStickerTests" */;
			buildPhases = (
				798ECA8C0BFB8D95FEF4CD29 /* [CP] Check Pods Manifest.lock */,
				00E356EA1AD99517003FC87E /* Sources */,
				00E356EB1AD99517003FC87E /* Frameworks */,
				00E356EC1AD99517003FC87E /* Resources */,
			);
			buildRules = (
			);
			dependencies = (
				00E356F51AD99517003FC87E /* PBXTargetDependency */,
			);
			name = PhotoStickerTests;
			productName = PhotoStickerTests;
			productReference = 00E356EE1AD99517003FC87E /* PhotoStickerTests.xctest */;
			productType = "com.apple.product-type.bundle.unit-test";
		};
		13B07F861A680F5B00A75B9A /* PhotoSticker */ = {
			isa = PBXNativeTarget;
			buildConfigurationList = 13B07F931A680F5B00A75B9A /* Build configuration list for PBXNativeTarget "PhotoSticker" */;
			buildPhases = (
				9D7D8A4DF9EFF1E5FF4B18C7 /* [CP] Check Pods Manifest.lock */,
				FD10A7F022414F080027D42C /* Start Packager */,
				13B07F871A680F5B00A75B9A /* Sources */,
				13B07F8C1A680F5B00A75B9A /* Frameworks */,
				13B07F8E1A680F5B00A75B9A /* Resources */,
				00DD1BFF1BD5951E006B06BC /* Bundle React Native code and images */,
				29AD60BFED40A848C20E9ABF /* [CP] Copy Pods Resources */,
			);
			buildRules = (
			);
			dependencies = (
			);
			name = PhotoSticker;
			productName = PhotoSticker;
			productReference = 13B07F961A680F5B00A75B9A /* PhotoSticker.app */;
			productType = "com.apple.product-type.application";
		};
		2D02E47A1E0B4A5D006451C7 /* PhotoSticker-tvOS */ = {
			isa = PBXNativeTarget;
			buildConfigurationList = 2D02E4BA1E0B4A5E006451C7 /* Build configuration list for PBXNativeTarget "PhotoSticker-tvOS" */;
			buildPhases = (
				6AEF3862189E2D70463E13DA /* [CP] Check Pods Manifest.lock */,
				FD10A7F122414F3F0027D42C /* Start Packager */,
				2D02E4771E0B4A5D006451C7 /* Sources */,
				2D02E4781E0B4A5D006451C7 /* Frameworks */,
				2D02E4791E0B4A5D006451C7 /* Resources */,
				2D02E4CB1E0B4B27006451C7 /* Bundle React Native Code And Images */,
			);
			buildRules = (
			);
			dependencies = (
			);
			name = "PhotoSticker-tvOS";
			productName = "PhotoSticker-tvOS";
			productReference = 2D02E47B1E0B4A5D006451C7 /* PhotoSticker-tvOS.app */;
			productType = "com.apple.product-type.application";
		};
		2D02E48F1E0B4A5D006451C7 /* PhotoSticker-tvOSTests */ = {
			isa = PBXNativeTarget;
			buildConfigurationList = 2D02E4BB1E0B4A5E006451C7 /* Build configuration list for PBXNativeTarget "PhotoSticker-tvOSTests" */;
			buildPhases = (
				630EA891BA4CC8D8BE8E0BF4 /* [CP] Check Pods Manifest.lock */,
				2D02E48C1E0B4A5D006451C7 /* Sources */,
				2D02E48D1E0B4A5D006451C7 /* Frameworks */,
				2D02E48E1E0B4A5D006451C7 /* Resources */,
			);
			buildRules = (
			);
			dependencies = (
				2D02E4921E0B4A5D006451C7 /* PBXTargetDependency */,
			);
			name = "PhotoSticker-tvOSTests";
			productName = "PhotoSticker-tvOSTests";
			productReference = 2D02E4901E0B4A5D006451C7 /* PhotoSticker-tvOSTests.xctest */;
			productType = "com.apple.product-type.bundle.unit-test";
		};
/* End PBXNativeTarget section */

/* Begin PBXProject section */
		83CBB9F71A601CBA00E9B192 /* Project object */ = {
			isa = PBXProject;
			attributes = {
				LastUpgradeCheck = 940;
				ORGANIZATIONNAME = Facebook;
				TargetAttributes = {
					00E356ED1AD99517003FC87E = {
						CreatedOnToolsVersion = 6.2;
						TestTargetID = 13B07F861A680F5B00A75B9A;
					};
					2D02E47A1E0B4A5D006451C7 = {
						CreatedOnToolsVersion = 8.2.1;
						ProvisioningStyle = Automatic;
					};
					2D02E48F1E0B4A5D006451C7 = {
						CreatedOnToolsVersion = 8.2.1;
						ProvisioningStyle = Automatic;
						TestTargetID = 2D02E47A1E0B4A5D006451C7;
					};
				};
			};
			buildConfigurationList = 83CBB9FA1A601CBA00E9B192 /* Build configuration list for PBXProject "PhotoSticker" */;
			compatibilityVersion = "Xcode 3.2";
			developmentRegion = English;
			hasScannedForEncodings = 0;
			knownRegions = (
				en,
				Base,
			);
			mainGroup = 83CBB9F61A601CBA00E9B192;
			productRefGroup = 83CBBA001A601CBA00E9B192 /* Products */;
			projectDirPath = "";
			projectRoot = "";
			targets = (
				13B07F861A680F5B00A75B9A /* PhotoSticker */,
				00E356ED1AD99517003FC87E /* PhotoStickerTests */,
				2D02E47A1E0B4A5D006451C7 /* PhotoSticker-tvOS */,
				2D02E48F1E0B4A5D006451C7 /* PhotoSticker-tvOSTests */,
			);
		};
/* End PBXProject section */

/* Begin PBXResourcesBuildPhase section */
		00E356EC1AD99517003FC87E /* Resources */ = {
			isa = PBXResourcesBuildPhase;
			buildActionMask = 2147483647;
			files = (
			);
			runOnlyForDeploymentPostprocessing = 0;
		};
		13B07F8E1A680F5B00A75B9A /* Resources */ = {
			isa = PBXResourcesBuildPhase;
			buildActionMask = 2147483647;
			files = (
				5B481BB82307005200F4E272 /* Fontisto.ttf in Resources */,
				5BBA166A231D9A85004D5D0F /* Rubik-Italic.ttf in Resources */,
				5BBA1667231D9A85004D5D0F /* Rubik-LightItalic.ttf in Resources */,
				5B481BC32307005200F4E272 /* FontAwesome.ttf in Resources */,
				5B481BBF2307005200F4E272 /* Foundation.ttf in Resources */,
				5BBA166F231D9A85004D5D0F /* Rubik-Light.ttf in Resources */,
				5B481BC22307005200F4E272 /* FontAwesome5_Regular.ttf in Resources */,
				5B481BC02307005200F4E272 /* Ionicons.ttf in Resources */,
				5BBA1668231D9A85004D5D0F /* Rubik-Medium.ttf in Resources */,
				5BB3E498232163A400F5B06D /* LaunchScreen.storyboard in Resources */,
				5B481BC52307005200F4E272 /* EvilIcons.ttf in Resources */,
				5B481BBB2307005200F4E272 /* Entypo.ttf in Resources */,
				5BBA166C231D9A85004D5D0F /* Rubik-BoldItalic.ttf in Resources */,
				5BBA166E231D9A85004D5D0F /* Rubik-BlackItalic.ttf in Resources */,
				13B07FBF1A68108700A75B9A /* Images.xcassets in Resources */,
				5B481BC42307005200F4E272 /* Zocial.ttf in Resources */,
				5BBA166D231D9A85004D5D0F /* Rubik-Bold.ttf in Resources */,
				5B481BC62307005200F4E272 /* SimpleLineIcons.ttf in Resources */,
				5B481BBA2307005200F4E272 /* Feather.ttf in Resources */,
				5B481BB92307005200F4E272 /* Octicons.ttf in Resources */,
				5B481BBC2307005200F4E272 /* FontAwesome5_Brands.ttf in Resources */,
				5BBA1666231D9A85004D5D0F /* Rubik-Black.ttf in Resources */,
				5B481BBE2307005200F4E272 /* AntDesign.ttf in Resources */,
				5BBA1669231D9A85004D5D0F /* Rubik-Regular.ttf in Resources */,
				5BBA166B231D9A85004D5D0F /* Rubik-MediumItalic.ttf in Resources */,
				5B481BC72307005200F4E272 /* MaterialIcons.ttf in Resources */,
				5B481BC12307005200F4E272 /* FontAwesome5_Solid.ttf in Resources */,
				5B481BBD2307005200F4E272 /* MaterialCommunityIcons.ttf in Resources */,
				7A857E072A2545DFB8A5184A /* AntDesign.ttf in Resources */,
				6FAE11F6540849928F3CDDAF /* Entypo.ttf in Resources */,
				2E1418E7D97F47CA8E6121D5 /* EvilIcons.ttf in Resources */,
				47B50EC023634E94A0ECAE02 /* Feather.ttf in Resources */,
				CDBAA5D7CA444704A251BFE9 /* FontAwesome.ttf in Resources */,
				F76317CDE05549D7A2A7B954 /* FontAwesome5_Brands.ttf in Resources */,
				B5A7290BBCA643218E31DB36 /* FontAwesome5_Regular.ttf in Resources */,
				D23E89A9C42849FEB3A3A177 /* FontAwesome5_Solid.ttf in Resources */,
				B34F0BBC81FC4A3B80646D85 /* Fontisto.ttf in Resources */,
				77CAB2636AB74D4093B26AF0 /* Foundation.ttf in Resources */,
				EA3EFE33D2A147C196ADB388 /* Ionicons.ttf in Resources */,
				7E5AB52C8E0E4F37B92F2B7F /* MaterialCommunityIcons.ttf in Resources */,
				ABCE88A4538A4842AD4D65A3 /* MaterialIcons.ttf in Resources */,
				F2693038BBDF460F8A01E3AF /* Octicons.ttf in Resources */,
				5A7ED647B5444EB397EAF57D /* SimpleLineIcons.ttf in Resources */,
				4567C47D2AB6446680056D31 /* Zocial.ttf in Resources */,
			);
			runOnlyForDeploymentPostprocessing = 0;
		};
		2D02E4791E0B4A5D006451C7 /* Resources */ = {
			isa = PBXResourcesBuildPhase;
			buildActionMask = 2147483647;
			files = (
				2D02E4BD1E0B4A84006451C7 /* Images.xcassets in Resources */,
			);
			runOnlyForDeploymentPostprocessing = 0;
		};
		2D02E48E1E0B4A5D006451C7 /* Resources */ = {
			isa = PBXResourcesBuildPhase;
			buildActionMask = 2147483647;
			files = (
			);
			runOnlyForDeploymentPostprocessing = 0;
		};
/* End PBXResourcesBuildPhase section */

/* Begin PBXShellScriptBuildPhase section */
		00DD1BFF1BD5951E006B06BC /* Bundle React Native code and images */ = {
			isa = PBXShellScriptBuildPhase;
			buildActionMask = 2147483647;
			files = (
			);
			inputPaths = (
			);
			name = "Bundle React Native code and images";
			outputPaths = (
			);
			runOnlyForDeploymentPostprocessing = 0;
			shellPath = /bin/sh;
			shellScript = "export NODE_BINARY=node\n../node_modules/react-native/scripts/react-native-xcode.sh";
		};
		29AD60BFED40A848C20E9ABF /* [CP] Copy Pods Resources */ = {
			isa = PBXShellScriptBuildPhase;
			buildActionMask = 2147483647;
			files = (
			);
			inputFileListPaths = (
			);
			inputPaths = (
				"${SRCROOT}/Pods/Target Support Files/Pods-PhotoSticker/Pods-PhotoSticker-resources.sh",
				"${PODS_ROOT}/../../node_modules/react-native-vector-icons/Fonts/AntDesign.ttf",
				"${PODS_ROOT}/../../node_modules/react-native-vector-icons/Fonts/Entypo.ttf",
				"${PODS_ROOT}/../../node_modules/react-native-vector-icons/Fonts/EvilIcons.ttf",
				"${PODS_ROOT}/../../node_modules/react-native-vector-icons/Fonts/Feather.ttf",
				"${PODS_ROOT}/../../node_modules/react-native-vector-icons/Fonts/FontAwesome.ttf",
				"${PODS_ROOT}/../../node_modules/react-native-vector-icons/Fonts/FontAwesome5_Brands.ttf",
				"${PODS_ROOT}/../../node_modules/react-native-vector-icons/Fonts/FontAwesome5_Regular.ttf",
				"${PODS_ROOT}/../../node_modules/react-native-vector-icons/Fonts/FontAwesome5_Solid.ttf",
				"${PODS_ROOT}/../../node_modules/react-native-vector-icons/Fonts/Fontisto.ttf",
				"${PODS_ROOT}/../../node_modules/react-native-vector-icons/Fonts/Foundation.ttf",
				"${PODS_ROOT}/../../node_modules/react-native-vector-icons/Fonts/Ionicons.ttf",
				"${PODS_ROOT}/../../node_modules/react-native-vector-icons/Fonts/MaterialCommunityIcons.ttf",
				"${PODS_ROOT}/../../node_modules/react-native-vector-icons/Fonts/MaterialIcons.ttf",
				"${PODS_ROOT}/../../node_modules/react-native-vector-icons/Fonts/Octicons.ttf",
				"${PODS_ROOT}/../../node_modules/react-native-vector-icons/Fonts/SimpleLineIcons.ttf",
				"${PODS_ROOT}/../../node_modules/react-native-vector-icons/Fonts/Zocial.ttf",
			);
			name = "[CP] Copy Pods Resources";
			outputFileListPaths = (
			);
			outputPaths = (
				"${TARGET_BUILD_DIR}/${UNLOCALIZED_RESOURCES_FOLDER_PATH}/AntDesign.ttf",
				"${TARGET_BUILD_DIR}/${UNLOCALIZED_RESOURCES_FOLDER_PATH}/Entypo.ttf",
				"${TARGET_BUILD_DIR}/${UNLOCALIZED_RESOURCES_FOLDER_PATH}/EvilIcons.ttf",
				"${TARGET_BUILD_DIR}/${UNLOCALIZED_RESOURCES_FOLDER_PATH}/Feather.ttf",
				"${TARGET_BUILD_DIR}/${UNLOCALIZED_RESOURCES_FOLDER_PATH}/FontAwesome.ttf",
				"${TARGET_BUILD_DIR}/${UNLOCALIZED_RESOURCES_FOLDER_PATH}/FontAwesome5_Brands.ttf",
				"${TARGET_BUILD_DIR}/${UNLOCALIZED_RESOURCES_FOLDER_PATH}/FontAwesome5_Regular.ttf",
				"${TARGET_BUILD_DIR}/${UNLOCALIZED_RESOURCES_FOLDER_PATH}/FontAwesome5_Solid.ttf",
				"${TARGET_BUILD_DIR}/${UNLOCALIZED_RESOURCES_FOLDER_PATH}/Fontisto.ttf",
				"${TARGET_BUILD_DIR}/${UNLOCALIZED_RESOURCES_FOLDER_PATH}/Foundation.ttf",
				"${TARGET_BUILD_DIR}/${UNLOCALIZED_RESOURCES_FOLDER_PATH}/Ionicons.ttf",
				"${TARGET_BUILD_DIR}/${UNLOCALIZED_RESOURCES_FOLDER_PATH}/MaterialCommunityIcons.ttf",
				"${TARGET_BUILD_DIR}/${UNLOCALIZED_RESOURCES_FOLDER_PATH}/MaterialIcons.ttf",
				"${TARGET_BUILD_DIR}/${UNLOCALIZED_RESOURCES_FOLDER_PATH}/Octicons.ttf",
				"${TARGET_BUILD_DIR}/${UNLOCALIZED_RESOURCES_FOLDER_PATH}/SimpleLineIcons.ttf",
				"${TARGET_BUILD_DIR}/${UNLOCALIZED_RESOURCES_FOLDER_PATH}/Zocial.ttf",
			);
			runOnlyForDeploymentPostprocessing = 0;
			shellPath = /bin/sh;
			shellScript = "\"${SRCROOT}/Pods/Target Support Files/Pods-PhotoSticker/Pods-PhotoSticker-resources.sh\"\n";
			showEnvVarsInLog = 0;
		};
		2D02E4CB1E0B4B27006451C7 /* Bundle React Native Code And Images */ = {
			isa = PBXShellScriptBuildPhase;
			buildActionMask = 2147483647;
			files = (
			);
			inputPaths = (
			);
			name = "Bundle React Native Code And Images";
			outputPaths = (
			);
			runOnlyForDeploymentPostprocessing = 0;
			shellPath = /bin/sh;
			shellScript = "export NODE_BINARY=node\n../node_modules/react-native/scripts/react-native-xcode.sh";
		};
		630EA891BA4CC8D8BE8E0BF4 /* [CP] Check Pods Manifest.lock */ = {
			isa = PBXShellScriptBuildPhase;
			buildActionMask = 2147483647;
			files = (
			);
			inputFileListPaths = (
			);
			inputPaths = (
				"${PODS_PODFILE_DIR_PATH}/Podfile.lock",
				"${PODS_ROOT}/Manifest.lock",
			);
			name = "[CP] Check Pods Manifest.lock";
			outputFileListPaths = (
			);
			outputPaths = (
				"$(DERIVED_FILE_DIR)/Pods-PhotoSticker-tvOSTests-checkManifestLockResult.txt",
			);
			runOnlyForDeploymentPostprocessing = 0;
			shellPath = /bin/sh;
			shellScript = "diff \"${PODS_PODFILE_DIR_PATH}/Podfile.lock\" \"${PODS_ROOT}/Manifest.lock\" > /dev/null\nif [ $? != 0 ] ; then\n    # print error to STDERR\n    echo \"error: The sandbox is not in sync with the Podfile.lock. Run 'pod install' or update your CocoaPods installation.\" >&2\n    exit 1\nfi\n# This output is used by Xcode 'outputs' to avoid re-running this script phase.\necho \"SUCCESS\" > \"${SCRIPT_OUTPUT_FILE_0}\"\n";
			showEnvVarsInLog = 0;
		};
		6AEF3862189E2D70463E13DA /* [CP] Check Pods Manifest.lock */ = {
			isa = PBXShellScriptBuildPhase;
			buildActionMask = 2147483647;
			files = (
			);
			inputFileListPaths = (
			);
			inputPaths = (
				"${PODS_PODFILE_DIR_PATH}/Podfile.lock",
				"${PODS_ROOT}/Manifest.lock",
			);
			name = "[CP] Check Pods Manifest.lock";
			outputFileListPaths = (
			);
			outputPaths = (
				"$(DERIVED_FILE_DIR)/Pods-PhotoSticker-tvOS-checkManifestLockResult.txt",
			);
			runOnlyForDeploymentPostprocessing = 0;
			shellPath = /bin/sh;
			shellScript = "diff \"${PODS_PODFILE_DIR_PATH}/Podfile.lock\" \"${PODS_ROOT}/Manifest.lock\" > /dev/null\nif [ $? != 0 ] ; then\n    # print error to STDERR\n    echo \"error: The sandbox is not in sync with the Podfile.lock. Run 'pod install' or update your CocoaPods installation.\" >&2\n    exit 1\nfi\n# This output is used by Xcode 'outputs' to avoid re-running this script phase.\necho \"SUCCESS\" > \"${SCRIPT_OUTPUT_FILE_0}\"\n";
			showEnvVarsInLog = 0;
		};
		798ECA8C0BFB8D95FEF4CD29 /* [CP] Check Pods Manifest.lock */ = {
			isa = PBXShellScriptBuildPhase;
			buildActionMask = 2147483647;
			files = (
			);
			inputFileListPaths = (
			);
			inputPaths = (
				"${PODS_PODFILE_DIR_PATH}/Podfile.lock",
				"${PODS_ROOT}/Manifest.lock",
			);
			name = "[CP] Check Pods Manifest.lock";
			outputFileListPaths = (
			);
			outputPaths = (
				"$(DERIVED_FILE_DIR)/Pods-PhotoStickerTests-checkManifestLockResult.txt",
			);
			runOnlyForDeploymentPostprocessing = 0;
			shellPath = /bin/sh;
			shellScript = "diff \"${PODS_PODFILE_DIR_PATH}/Podfile.lock\" \"${PODS_ROOT}/Manifest.lock\" > /dev/null\nif [ $? != 0 ] ; then\n    # print error to STDERR\n    echo \"error: The sandbox is not in sync with the Podfile.lock. Run 'pod install' or update your CocoaPods installation.\" >&2\n    exit 1\nfi\n# This output is used by Xcode 'outputs' to avoid re-running this script phase.\necho \"SUCCESS\" > \"${SCRIPT_OUTPUT_FILE_0}\"\n";
			showEnvVarsInLog = 0;
		};
		9D7D8A4DF9EFF1E5FF4B18C7 /* [CP] Check Pods Manifest.lock */ = {
			isa = PBXShellScriptBuildPhase;
			buildActionMask = 2147483647;
			files = (
			);
			inputFileListPaths = (
			);
			inputPaths = (
				"${PODS_PODFILE_DIR_PATH}/Podfile.lock",
				"${PODS_ROOT}/Manifest.lock",
			);
			name = "[CP] Check Pods Manifest.lock";
			outputFileListPaths = (
			);
			outputPaths = (
				"$(DERIVED_FILE_DIR)/Pods-PhotoSticker-checkManifestLockResult.txt",
			);
			runOnlyForDeploymentPostprocessing = 0;
			shellPath = /bin/sh;
			shellScript = "diff \"${PODS_PODFILE_DIR_PATH}/Podfile.lock\" \"${PODS_ROOT}/Manifest.lock\" > /dev/null\nif [ $? != 0 ] ; then\n    # print error to STDERR\n    echo \"error: The sandbox is not in sync with the Podfile.lock. Run 'pod install' or update your CocoaPods installation.\" >&2\n    exit 1\nfi\n# This output is used by Xcode 'outputs' to avoid re-running this script phase.\necho \"SUCCESS\" > \"${SCRIPT_OUTPUT_FILE_0}\"\n";
			showEnvVarsInLog = 0;
		};
		FD10A7F022414F080027D42C /* Start Packager */ = {
			isa = PBXShellScriptBuildPhase;
			buildActionMask = 2147483647;
			files = (
			);
			inputFileListPaths = (
			);
			inputPaths = (
			);
			name = "Start Packager";
			outputFileListPaths = (
			);
			outputPaths = (
			);
			runOnlyForDeploymentPostprocessing = 0;
			shellPath = /bin/sh;
			shellScript = "export RCT_METRO_PORT=\"${RCT_METRO_PORT:=8081}\"\necho \"export RCT_METRO_PORT=${RCT_METRO_PORT}\" > \"${SRCROOT}/../node_modules/react-native/scripts/.packager.env\"\nif [ -z \"${RCT_NO_LAUNCH_PACKAGER+xxx}\" ] ; then\n  if nc -w 5 -z localhost ${RCT_METRO_PORT} ; then\n    if ! curl -s \"http://localhost:${RCT_METRO_PORT}/status\" | grep -q \"packager-status:running\" ; then\n      echo \"Port ${RCT_METRO_PORT} already in use, packager is either not running or not running correctly\"\n      exit 2\n    fi\n  else\n    open \"$SRCROOT/../node_modules/react-native/scripts/launchPackager.command\" || echo \"Can't start packager automatically\"\n  fi\nfi\n";
			showEnvVarsInLog = 0;
		};
		FD10A7F122414F3F0027D42C /* Start Packager */ = {
			isa = PBXShellScriptBuildPhase;
			buildActionMask = 2147483647;
			files = (
			);
			inputFileListPaths = (
			);
			inputPaths = (
			);
			name = "Start Packager";
			outputFileListPaths = (
			);
			outputPaths = (
			);
			runOnlyForDeploymentPostprocessing = 0;
			shellPath = /bin/sh;
			shellScript = "export RCT_METRO_PORT=\"${RCT_METRO_PORT:=8081}\"\necho \"export RCT_METRO_PORT=${RCT_METRO_PORT}\" > \"${SRCROOT}/../node_modules/react-native/scripts/.packager.env\"\nif [ -z \"${RCT_NO_LAUNCH_PACKAGER+xxx}\" ] ; then\n  if nc -w 5 -z localhost ${RCT_METRO_PORT} ; then\n    if ! curl -s \"http://localhost:${RCT_METRO_PORT}/status\" | grep -q \"packager-status:running\" ; then\n      echo \"Port ${RCT_METRO_PORT} already in use, packager is either not running or not running correctly\"\n      exit 2\n    fi\n  else\n    open \"$SRCROOT/../node_modules/react-native/scripts/launchPackager.command\" || echo \"Can't start packager automatically\"\n  fi\nfi\n";
			showEnvVarsInLog = 0;
		};
/* End PBXShellScriptBuildPhase section */

/* Begin PBXSourcesBuildPhase section */
		00E356EA1AD99517003FC87E /* Sources */ = {
			isa = PBXSourcesBuildPhase;
			buildActionMask = 2147483647;
			files = (
				00E356F31AD99517003FC87E /* PhotoStickerTests.m in Sources */,
			);
			runOnlyForDeploymentPostprocessing = 0;
		};
		13B07F871A680F5B00A75B9A /* Sources */ = {
			isa = PBXSourcesBuildPhase;
			buildActionMask = 2147483647;
			files = (
				13B07FBC1A68108700A75B9A /* AppDelegate.m in Sources */,
				13B07FC11A68108700A75B9A /* main.m in Sources */,
			);
			runOnlyForDeploymentPostprocessing = 0;
		};
		2D02E4771E0B4A5D006451C7 /* Sources */ = {
			isa = PBXSourcesBuildPhase;
			buildActionMask = 2147483647;
			files = (
				2D02E4BF1E0B4AB3006451C7 /* main.m in Sources */,
				2D02E4BC1E0B4A80006451C7 /* AppDelegate.m in Sources */,
			);
			runOnlyForDeploymentPostprocessing = 0;
		};
		2D02E48C1E0B4A5D006451C7 /* Sources */ = {
			isa = PBXSourcesBuildPhase;
			buildActionMask = 2147483647;
			files = (
				2DCD954D1E0B4F2C00145EB5 /* PhotoStickerTests.m in Sources */,
			);
			runOnlyForDeploymentPostprocessing = 0;
		};
/* End PBXSourcesBuildPhase section */

/* Begin PBXTargetDependency section */
		00E356F51AD99517003FC87E /* PBXTargetDependency */ = {
			isa = PBXTargetDependency;
			target = 13B07F861A680F5B00A75B9A /* PhotoSticker */;
			targetProxy = 00E356F41AD99517003FC87E /* PBXContainerItemProxy */;
		};
		2D02E4921E0B4A5D006451C7 /* PBXTargetDependency */ = {
			isa = PBXTargetDependency;
			target = 2D02E47A1E0B4A5D006451C7 /* PhotoSticker-tvOS */;
			targetProxy = 2D02E4911E0B4A5D006451C7 /* PBXContainerItemProxy */;
		};
/* End PBXTargetDependency section */

/* Begin XCBuildConfiguration section */
		00E356F61AD99517003FC87E /* Debug */ = {
			isa = XCBuildConfiguration;
			baseConfigurationReference = 2D049CB192CF33650ACA7207 /* Pods-PhotoStickerTests.debug.xcconfig */;
			buildSettings = {
				BUNDLE_LOADER = "$(TEST_HOST)";
				GCC_PREPROCESSOR_DEFINITIONS = (
					"DEBUG=1",
					"$(inherited)",
				);
				INFOPLIST_FILE = PhotoStickerTests/Info.plist;
				IPHONEOS_DEPLOYMENT_TARGET = 9.0;
				LD_RUNPATH_SEARCH_PATHS = "$(inherited) @executable_path/Frameworks @loader_path/Frameworks";
				OTHER_LDFLAGS = (
					"-ObjC",
					"-lc++",
					"$(inherited)",
				);
				PRODUCT_BUNDLE_IDENTIFIER = "org.reactjs.native.example.$(PRODUCT_NAME:rfc1034identifier)";
				PRODUCT_NAME = "$(TARGET_NAME)";
				TEST_HOST = "$(BUILT_PRODUCTS_DIR)/PhotoSticker.app/PhotoSticker";
			};
			name = Debug;
		};
		00E356F71AD99517003FC87E /* Release */ = {
			isa = XCBuildConfiguration;
			baseConfigurationReference = 2743EB29690A020A0E603C16 /* Pods-PhotoStickerTests.release.xcconfig */;
			buildSettings = {
				BUNDLE_LOADER = "$(TEST_HOST)";
				COPY_PHASE_STRIP = NO;
				INFOPLIST_FILE = PhotoStickerTests/Info.plist;
				IPHONEOS_DEPLOYMENT_TARGET = 9.0;
				LD_RUNPATH_SEARCH_PATHS = "$(inherited) @executable_path/Frameworks @loader_path/Frameworks";
				OTHER_LDFLAGS = (
					"-ObjC",
					"-lc++",
					"$(inherited)",
				);
				PRODUCT_BUNDLE_IDENTIFIER = "org.reactjs.native.example.$(PRODUCT_NAME:rfc1034identifier)";
				PRODUCT_NAME = "$(TARGET_NAME)";
				TEST_HOST = "$(BUILT_PRODUCTS_DIR)/PhotoSticker.app/PhotoSticker";
			};
			name = Release;
		};
		13B07F941A680F5B00A75B9A /* Debug */ = {
			isa = XCBuildConfiguration;
			baseConfigurationReference = BC9EBE893A661E014C483B13 /* Pods-PhotoSticker.debug.xcconfig */;
			buildSettings = {
				ASSETCATALOG_COMPILER_APPICON_NAME = AppIcon;
				CURRENT_PROJECT_VERSION = 1;
				DEAD_CODE_STRIPPING = NO;
				INFOPLIST_FILE = PhotoSticker/Info.plist;
				LD_RUNPATH_SEARCH_PATHS = "$(inherited) @executable_path/Frameworks";
				OTHER_LDFLAGS = (
					"$(inherited)",
					"-ObjC",
					"-lc++",
				);
				PRODUCT_BUNDLE_IDENTIFIER = "org.reactjs.native.example.$(PRODUCT_NAME:rfc1034identifier)";
				PRODUCT_NAME = PhotoSticker;
				VERSIONING_SYSTEM = "apple-generic";
			};
			name = Debug;
		};
		13B07F951A680F5B00A75B9A /* Release */ = {
			isa = XCBuildConfiguration;
			baseConfigurationReference = 8E592190ECC6F90C349E0B74 /* Pods-PhotoSticker.release.xcconfig */;
			buildSettings = {
				ASSETCATALOG_COMPILER_APPICON_NAME = AppIcon;
				CURRENT_PROJECT_VERSION = 1;
				INFOPLIST_FILE = PhotoSticker/Info.plist;
				LD_RUNPATH_SEARCH_PATHS = "$(inherited) @executable_path/Frameworks";
				OTHER_LDFLAGS = (
					"$(inherited)",
					"-ObjC",
					"-lc++",
				);
				PRODUCT_BUNDLE_IDENTIFIER = "org.reactjs.native.example.$(PRODUCT_NAME:rfc1034identifier)";
				PRODUCT_NAME = PhotoSticker;
				VERSIONING_SYSTEM = "apple-generic";
			};
			name = Release;
		};
		2D02E4971E0B4A5E006451C7 /* Debug */ = {
			isa = XCBuildConfiguration;
			baseConfigurationReference = DE62B5050D27709E920942D4 /* Pods-PhotoSticker-tvOS.debug.xcconfig */;
			buildSettings = {
				ASSETCATALOG_COMPILER_APPICON_NAME = "App Icon & Top Shelf Image";
				ASSETCATALOG_COMPILER_LAUNCHIMAGE_NAME = LaunchImage;
				CLANG_ANALYZER_NONNULL = YES;
				CLANG_WARN_DOCUMENTATION_COMMENTS = YES;
				CLANG_WARN_INFINITE_RECURSION = YES;
				CLANG_WARN_SUSPICIOUS_MOVE = YES;
				DEBUG_INFORMATION_FORMAT = dwarf;
				ENABLE_TESTABILITY = YES;
				GCC_NO_COMMON_BLOCKS = YES;
				INFOPLIST_FILE = "PhotoSticker-tvOS/Info.plist";
				LD_RUNPATH_SEARCH_PATHS = "$(inherited) @executable_path/Frameworks";
				OTHER_LDFLAGS = (
					"$(inherited)",
					"-ObjC",
					"-lc++",
				);
				PRODUCT_BUNDLE_IDENTIFIER = "com.facebook.REACT.PhotoSticker-tvOS";
				PRODUCT_NAME = "$(TARGET_NAME)";
				SDKROOT = appletvos;
				TARGETED_DEVICE_FAMILY = 3;
				TVOS_DEPLOYMENT_TARGET = 9.2;
			};
			name = Debug;
		};
		2D02E4981E0B4A5E006451C7 /* Release */ = {
			isa = XCBuildConfiguration;
			baseConfigurationReference = 008BF61C84251A460A252181 /* Pods-PhotoSticker-tvOS.release.xcconfig */;
			buildSettings = {
				ASSETCATALOG_COMPILER_APPICON_NAME = "App Icon & Top Shelf Image";
				ASSETCATALOG_COMPILER_LAUNCHIMAGE_NAME = LaunchImage;
				CLANG_ANALYZER_NONNULL = YES;
				CLANG_WARN_DOCUMENTATION_COMMENTS = YES;
				CLANG_WARN_INFINITE_RECURSION = YES;
				CLANG_WARN_SUSPICIOUS_MOVE = YES;
				COPY_PHASE_STRIP = NO;
				DEBUG_INFORMATION_FORMAT = "dwarf-with-dsym";
				GCC_NO_COMMON_BLOCKS = YES;
				INFOPLIST_FILE = "PhotoSticker-tvOS/Info.plist";
				LD_RUNPATH_SEARCH_PATHS = "$(inherited) @executable_path/Frameworks";
				OTHER_LDFLAGS = (
					"$(inherited)",
					"-ObjC",
					"-lc++",
				);
				PRODUCT_BUNDLE_IDENTIFIER = "com.facebook.REACT.PhotoSticker-tvOS";
				PRODUCT_NAME = "$(TARGET_NAME)";
				SDKROOT = appletvos;
				TARGETED_DEVICE_FAMILY = 3;
				TVOS_DEPLOYMENT_TARGET = 9.2;
			};
			name = Release;
		};
		2D02E4991E0B4A5E006451C7 /* Debug */ = {
			isa = XCBuildConfiguration;
			baseConfigurationReference = FF3E25C202B737CDB617AFC8 /* Pods-PhotoSticker-tvOSTests.debug.xcconfig */;
			buildSettings = {
				BUNDLE_LOADER = "$(TEST_HOST)";
				CLANG_ANALYZER_NONNULL = YES;
				CLANG_WARN_DOCUMENTATION_COMMENTS = YES;
				CLANG_WARN_INFINITE_RECURSION = YES;
				CLANG_WARN_SUSPICIOUS_MOVE = YES;
				DEBUG_INFORMATION_FORMAT = dwarf;
				ENABLE_TESTABILITY = YES;
				GCC_NO_COMMON_BLOCKS = YES;
				INFOPLIST_FILE = "PhotoSticker-tvOSTests/Info.plist";
				LD_RUNPATH_SEARCH_PATHS = "$(inherited) @executable_path/Frameworks @loader_path/Frameworks";
				OTHER_LDFLAGS = (
					"$(inherited)",
					"-ObjC",
					"-lc++",
				);
				PRODUCT_BUNDLE_IDENTIFIER = "com.facebook.REACT.PhotoSticker-tvOSTests";
				PRODUCT_NAME = "$(TARGET_NAME)";
				SDKROOT = appletvos;
				TEST_HOST = "$(BUILT_PRODUCTS_DIR)/PhotoSticker-tvOS.app/PhotoSticker-tvOS";
				TVOS_DEPLOYMENT_TARGET = 10.1;
			};
			name = Debug;
		};
		2D02E49A1E0B4A5E006451C7 /* Release */ = {
			isa = XCBuildConfiguration;
			baseConfigurationReference = 6778E004CEFE3C845A95AD63 /* Pods-PhotoSticker-tvOSTests.release.xcconfig */;
			buildSettings = {
				BUNDLE_LOADER = "$(TEST_HOST)";
				CLANG_ANALYZER_NONNULL = YES;
				CLANG_WARN_DOCUMENTATION_COMMENTS = YES;
				CLANG_WARN_INFINITE_RECURSION = YES;
				CLANG_WARN_SUSPICIOUS_MOVE = YES;
				COPY_PHASE_STRIP = NO;
				DEBUG_INFORMATION_FORMAT = "dwarf-with-dsym";
				GCC_NO_COMMON_BLOCKS = YES;
				INFOPLIST_FILE = "PhotoSticker-tvOSTests/Info.plist";
				LD_RUNPATH_SEARCH_PATHS = "$(inherited) @executable_path/Frameworks @loader_path/Frameworks";
				OTHER_LDFLAGS = (
					"$(inherited)",
					"-ObjC",
					"-lc++",
				);
				PRODUCT_BUNDLE_IDENTIFIER = "com.facebook.REACT.PhotoSticker-tvOSTests";
				PRODUCT_NAME = "$(TARGET_NAME)";
				SDKROOT = appletvos;
				TEST_HOST = "$(BUILT_PRODUCTS_DIR)/PhotoSticker-tvOS.app/PhotoSticker-tvOS";
				TVOS_DEPLOYMENT_TARGET = 10.1;
			};
			name = Release;
		};
		83CBBA201A601CBA00E9B192 /* Debug */ = {
			isa = XCBuildConfiguration;
			buildSettings = {
				ALWAYS_SEARCH_USER_PATHS = NO;
				CLANG_CXX_LANGUAGE_STANDARD = "gnu++0x";
				CLANG_CXX_LIBRARY = "libc++";
				CLANG_ENABLE_MODULES = YES;
				CLANG_ENABLE_OBJC_ARC = YES;
				CLANG_WARN_BLOCK_CAPTURE_AUTORELEASING = YES;
				CLANG_WARN_BOOL_CONVERSION = YES;
				CLANG_WARN_COMMA = YES;
				CLANG_WARN_CONSTANT_CONVERSION = YES;
				CLANG_WARN_DEPRECATED_OBJC_IMPLEMENTATIONS = YES;
				CLANG_WARN_DIRECT_OBJC_ISA_USAGE = YES_ERROR;
				CLANG_WARN_EMPTY_BODY = YES;
				CLANG_WARN_ENUM_CONVERSION = YES;
				CLANG_WARN_INFINITE_RECURSION = YES;
				CLANG_WARN_INT_CONVERSION = YES;
				CLANG_WARN_NON_LITERAL_NULL_CONVERSION = YES;
				CLANG_WARN_OBJC_IMPLICIT_RETAIN_SELF = YES;
				CLANG_WARN_OBJC_LITERAL_CONVERSION = YES;
				CLANG_WARN_OBJC_ROOT_CLASS = YES_ERROR;
				CLANG_WARN_RANGE_LOOP_ANALYSIS = YES;
				CLANG_WARN_STRICT_PROTOTYPES = YES;
				CLANG_WARN_SUSPICIOUS_MOVE = YES;
				CLANG_WARN_UNREACHABLE_CODE = YES;
				CLANG_WARN__DUPLICATE_METHOD_MATCH = YES;
				"CODE_SIGN_IDENTITY[sdk=iphoneos*]" = "iPhone Developer";
				COPY_PHASE_STRIP = NO;
				ENABLE_STRICT_OBJC_MSGSEND = YES;
				ENABLE_TESTABILITY = YES;
				GCC_C_LANGUAGE_STANDARD = gnu99;
				GCC_DYNAMIC_NO_PIC = NO;
				GCC_NO_COMMON_BLOCKS = YES;
				GCC_OPTIMIZATION_LEVEL = 0;
				GCC_PREPROCESSOR_DEFINITIONS = (
					"DEBUG=1",
					"$(inherited)",
				);
				GCC_SYMBOLS_PRIVATE_EXTERN = NO;
				GCC_WARN_64_TO_32_BIT_CONVERSION = YES;
				GCC_WARN_ABOUT_RETURN_TYPE = YES_ERROR;
				GCC_WARN_UNDECLARED_SELECTOR = YES;
				GCC_WARN_UNINITIALIZED_AUTOS = YES_AGGRESSIVE;
				GCC_WARN_UNUSED_FUNCTION = YES;
				GCC_WARN_UNUSED_VARIABLE = YES;
				IPHONEOS_DEPLOYMENT_TARGET = 9.0;
				MTL_ENABLE_DEBUG_INFO = YES;
				ONLY_ACTIVE_ARCH = YES;
				SDKROOT = iphoneos;
			};
			name = Debug;
		};
		83CBBA211A601CBA00E9B192 /* Release */ = {
			isa = XCBuildConfiguration;
			buildSettings = {
				ALWAYS_SEARCH_USER_PATHS = NO;
				CLANG_CXX_LANGUAGE_STANDARD = "gnu++0x";
				CLANG_CXX_LIBRARY = "libc++";
				CLANG_ENABLE_MODULES = YES;
				CLANG_ENABLE_OBJC_ARC = YES;
				CLANG_WARN_BLOCK_CAPTURE_AUTORELEASING = YES;
				CLANG_WARN_BOOL_CONVERSION = YES;
				CLANG_WARN_COMMA = YES;
				CLANG_WARN_CONSTANT_CONVERSION = YES;
				CLANG_WARN_DEPRECATED_OBJC_IMPLEMENTATIONS = YES;
				CLANG_WARN_DIRECT_OBJC_ISA_USAGE = YES_ERROR;
				CLANG_WARN_EMPTY_BODY = YES;
				CLANG_WARN_ENUM_CONVERSION = YES;
				CLANG_WARN_INFINITE_RECURSION = YES;
				CLANG_WARN_INT_CONVERSION = YES;
				CLANG_WARN_NON_LITERAL_NULL_CONVERSION = YES;
				CLANG_WARN_OBJC_IMPLICIT_RETAIN_SELF = YES;
				CLANG_WARN_OBJC_LITERAL_CONVERSION = YES;
				CLANG_WARN_OBJC_ROOT_CLASS = YES_ERROR;
				CLANG_WARN_RANGE_LOOP_ANALYSIS = YES;
				CLANG_WARN_STRICT_PROTOTYPES = YES;
				CLANG_WARN_SUSPICIOUS_MOVE = YES;
				CLANG_WARN_UNREACHABLE_CODE = YES;
				CLANG_WARN__DUPLICATE_METHOD_MATCH = YES;
				"CODE_SIGN_IDENTITY[sdk=iphoneos*]" = "iPhone Developer";
				COPY_PHASE_STRIP = YES;
				ENABLE_NS_ASSERTIONS = NO;
				ENABLE_STRICT_OBJC_MSGSEND = YES;
				GCC_C_LANGUAGE_STANDARD = gnu99;
				GCC_NO_COMMON_BLOCKS = YES;
				GCC_WARN_64_TO_32_BIT_CONVERSION = YES;
				GCC_WARN_ABOUT_RETURN_TYPE = YES_ERROR;
				GCC_WARN_UNDECLARED_SELECTOR = YES;
				GCC_WARN_UNINITIALIZED_AUTOS = YES_AGGRESSIVE;
				GCC_WARN_UNUSED_FUNCTION = YES;
				GCC_WARN_UNUSED_VARIABLE = YES;
				IPHONEOS_DEPLOYMENT_TARGET = 9.0;
				MTL_ENABLE_DEBUG_INFO = NO;
				SDKROOT = iphoneos;
				VALIDATE_PRODUCT = YES;
			};
			name = Release;
		};
/* End XCBuildConfiguration section */

/* Begin XCConfigurationList section */
		00E357021AD99517003FC87E /* Build configuration list for PBXNativeTarget "PhotoStickerTests" */ = {
			isa = XCConfigurationList;
			buildConfigurations = (
				00E356F61AD99517003FC87E /* Debug */,
				00E356F71AD99517003FC87E /* Release */,
			);
			defaultConfigurationIsVisible = 0;
			defaultConfigurationName = Release;
		};
		13B07F931A680F5B00A75B9A /* Build configuration list for PBXNativeTarget "PhotoSticker" */ = {
			isa = XCConfigurationList;
			buildConfigurations = (
				13B07F941A680F5B00A75B9A /* Debug */,
				13B07F951A680F5B00A75B9A /* Release */,
			);
			defaultConfigurationIsVisible = 0;
			defaultConfigurationName = Release;
		};
		2D02E4BA1E0B4A5E006451C7 /* Build configuration list for PBXNativeTarget "PhotoSticker-tvOS" */ = {
			isa = XCConfigurationList;
			buildConfigurations = (
				2D02E4971E0B4A5E006451C7 /* Debug */,
				2D02E4981E0B4A5E006451C7 /* Release */,
			);
			defaultConfigurationIsVisible = 0;
			defaultConfigurationName = Release;
		};
		2D02E4BB1E0B4A5E006451C7 /* Build configuration list for PBXNativeTarget "PhotoSticker-tvOSTests" */ = {
			isa = XCConfigurationList;
			buildConfigurations = (
				2D02E4991E0B4A5E006451C7 /* Debug */,
				2D02E49A1E0B4A5E006451C7 /* Release */,
			);
			defaultConfigurationIsVisible = 0;
			defaultConfigurationName = Release;
		};
		83CBB9FA1A601CBA00E9B192 /* Build configuration list for PBXProject "PhotoSticker" */ = {
			isa = XCConfigurationList;
			buildConfigurations = (
				83CBBA201A601CBA00E9B192 /* Debug */,
				83CBBA211A601CBA00E9B192 /* Release */,
			);
			defaultConfigurationIsVisible = 0;
			defaultConfigurationName = Release;
		};
/* End XCConfigurationList section */
	};
	rootObject = 83CBB9F71A601CBA00E9B192 /* Project object */;
}
